
Microsoft Visual Studio Solution File, Format Version 12.00
# Visual Studio Version 17
VisualStudioVersion = 17.10.35027.167
MinimumVisualStudioVersion = 10.0.40219.1
Project("{FAE04EC0-301F-11D3-BF4B-00C04F79EFBC}") = "BookStore", "BookStore\BookStore.csproj", "{590A4BFE-0187-4443-8941-EF5782BFCAEA}"
EndProject
Project("{FAE04EC0-301F-11D3-BF4B-00C04F79EFBC}") = "Store.DataAccess", "Store.DataAccess\Store.DataAccess.csproj", "{6F5485A5-4634-4E8F-8BAF-1387230F4F2C}"
EndProject
Project("{FAE04EC0-301F-11D3-BF4B-00C04F79EFBC}") = "Store.Models", "Store.Models\Store.Models.csproj", "{301EAD7F-1716-4B6A-B81C-F9E772F27D59}"
EndProject
Project("{FAE04EC0-301F-11D3-BF4B-00C04F79EFBC}") = "Store.Utility", "Store.Utility\Store.Utility.csproj", "{A683BD3B-8BFC-46AA-ABFF-3561DF0B233A}"
EndProject
Global
	GlobalSection(SolutionConfigurationPlatforms) = preSolution
		Debug|Any CPU = Debug|Any CPU
		Release|Any CPU = Release|Any CPU
	EndGlobalSection
	GlobalSection(ProjectConfigurationPlatforms) = postSolution
		{590A4BFE-0187-4443-8941-EF5782BFCAEA}.Debug|Any CPU.ActiveCfg = Debug|Any CPU
		{590A4BFE-0187-4443-8941-EF5782BFCAEA}.Debug|Any CPU.Build.0 = Debug|Any CPU
		{590A4BFE-0187-4443-8941-EF5782BFCAEA}.Release|Any CPU.ActiveCfg = Release|Any CPU
		{590A4BFE-0187-4443-8941-EF5782BFCAEA}.Release|Any CPU.Build.0 = Release|Any CPU
		{6F5485A5-4634-4E8F-8BAF-1387230F4F2C}.Debug|Any CPU.ActiveCfg = Debug|Any CPU
		{6F5485A5-4634-4E8F-8BAF-1387230F4F2C}.Debug|Any CPU.Build.0 = Debug|Any CPU
		{6F5485A5-4634-4E8F-8BAF-1387230F4F2C}.Release|Any CPU.ActiveCfg = Release|Any CPU
		{6F5485A5-4634-4E8F-8BAF-1387230F4F2C}.Release|Any CPU.Build.0 = Release|Any CPU
		{301EAD7F-1716-4B6A-B81C-F9E772F27D59}.Debug|Any CPU.ActiveCfg = Debug|Any CPU
		{301EAD7F-1716-4B6A-B81C-F9E772F27D59}.Debug|Any CPU.Build.0 = Debug|Any CPU
		{301EAD7F-1716-4B6A-B81C-F9E772F27D59}.Release|Any CPU.ActiveCfg = Release|Any CPU
		{301EAD7F-1716-4B6A-B81C-F9E772F27D59}.Release|Any CPU.Build.0 = Release|Any CPU
		{A683BD3B-8BFC-46AA-ABFF-3561DF0B233A}.Debug|Any CPU.ActiveCfg = Debug|Any CPU
		{A683BD3B-8BFC-46AA-ABFF-3561DF0B233A}.Debug|Any CPU.Build.0 = Debug|Any CPU
		{A683BD3B-8BFC-46AA-ABFF-3561DF0B233A}.Release|Any CPU.ActiveCfg = Release|Any CPU
		{A683BD3B-8BFC-46AA-ABFF-3561DF0B233A}.Release|Any CPU.Build.0 = Release|Any CPU
	EndGlobalSection
	GlobalSection(SolutionProperties) = preSolution
		HideSolutionNode = FALSE
	EndGlobalSection
	GlobalSection(ExtensibilityGlobals) = postSolution
		SolutionGuid = {D1B3E37A-F6B5-451E-9D40-A58068F0E62F}
	EndGlobalSection
EndGlobal
